
Microsoft Visual Studio Solution File, Format Version 12.00
# Visual Studio Version 17
VisualStudioVersion = 17.7.34221.43
MinimumVisualStudioVersion = 10.0.40219.1
Project("{FAE04EC0-301F-11D3-BF4B-00C04F79EFBC}") = "ProlabProjesi2", "ProlabProjesi2\ProlabProjesi2.csproj", "{F675E09B-7049-4C75-94CB-67FE073C5CD2}"
EndProject
Global
	GlobalSection(SolutionConfigurationPlatforms) = preSolution
		Debug|Any CPU = Debug|Any CPU
		Release|Any CPU = Release|Any CPU
	EndGlobalSection
	GlobalSection(ProjectConfigurationPlatforms) = postSolution
		{F675E09B-7049-4C75-94CB-67FE073C5CD2}.Debug|Any CPU.ActiveCfg = Debug|Any CPU
		{F675E09B-7049-4C75-94CB-67FE073C5CD2}.Debug|Any CPU.Build.0 = Debug|Any CPU
		{F675E09B-7049-4C75-94CB-67FE073C5CD2}.Release|Any CPU.ActiveCfg = Release|Any CPU
		{F675E09B-7049-4C75-94CB-67FE073C5CD2}.Release|Any CPU.Build.0 = Release|Any CPU
	EndGlobalSection
	GlobalSection(SolutionProperties) = preSolution
		HideSolutionNode = FALSE
	EndGlobalSection
	GlobalSection(ExtensibilityGlobals) = postSolution
		SolutionGuid = {5C5ABCB6-DB39-4657-ACE0-64F5A6AF2288}
	EndGlobalSection
EndGlobal
